
Microsoft Visual Studio Solution File, Format Version 12.00
# Visual Studio Version 16
VisualStudioVersion = 16.0.31112.23
MinimumVisualStudioVersion = 10.0.40219.1
Project("{FAE04EC0-301F-11D3-BF4B-00C04F79EFBC}") = "Client", "Client\Client.csproj", "{906998DB-4EBF-4BA8-8F93-3851D9E9AF12}"
EndProject
Project("{FAE04EC0-301F-11D3-BF4B-00C04F79EFBC}") = "MusicPlayer.BLL", "MusicPlayer.BLL\MusicPlayer.BLL.csproj", "{D7DA8D10-B406-40B3-8AB0-2893B1E0195C}"
EndProject
Global
	GlobalSection(SolutionConfigurationPlatforms) = preSolution
		Debug|Any CPU = Debug|Any CPU
		Release|Any CPU = Release|Any CPU
	EndGlobalSection
	GlobalSection(ProjectConfigurationPlatforms) = postSolution
		{906998DB-4EBF-4BA8-8F93-3851D9E9AF12}.Debug|Any CPU.ActiveCfg = Debug|Any CPU
		{906998DB-4EBF-4BA8-8F93-3851D9E9AF12}.Debug|Any CPU.Build.0 = Debug|Any CPU
		{906998DB-4EBF-4BA8-8F93-3851D9E9AF12}.Release|Any CPU.ActiveCfg = Release|Any CPU
		{906998DB-4EBF-4BA8-8F93-3851D9E9AF12}.Release|Any CPU.Build.0 = Release|Any CPU
		{D7DA8D10-B406-40B3-8AB0-2893B1E0195C}.Debug|Any CPU.ActiveCfg = Debug|Any CPU
		{D7DA8D10-B406-40B3-8AB0-2893B1E0195C}.Debug|Any CPU.Build.0 = Debug|Any CPU
		{D7DA8D10-B406-40B3-8AB0-2893B1E0195C}.Release|Any CPU.ActiveCfg = Release|Any CPU
		{D7DA8D10-B406-40B3-8AB0-2893B1E0195C}.Release|Any CPU.Build.0 = Release|Any CPU
	EndGlobalSection
	GlobalSection(SolutionProperties) = preSolution
		HideSolutionNode = FALSE
	EndGlobalSection
	GlobalSection(ExtensibilityGlobals) = postSolution
		SolutionGuid = {132F62A8-C552-4463-96BD-139DB7058C40}
	EndGlobalSection
EndGlobal
